
Microsoft Visual Studio Solution File, Format Version 12.00
# Visual Studio 2012
Project("{FAE04EC0-301F-11D3-BF4B-00C04F79EFBC}") = "第一章", "demo1\第一章.csproj", "{A876EEBF-7E14-4764-AC8F-63B5CA362FFB}"
EndProject
Project("{FAE04EC0-301F-11D3-BF4B-00C04F79EFBC}") = "第二章", "demo2\第二章.csproj", "{6D71008D-CA30-4162-BA9D-0B69843C1170}"
EndProject
Global
	GlobalSection(SolutionConfigurationPlatforms) = preSolution
		Debug|Any CPU = Debug|Any CPU
		Release|Any CPU = Release|Any CPU
	EndGlobalSection
	GlobalSection(ProjectConfigurationPlatforms) = postSolution
		{A876EEBF-7E14-4764-AC8F-63B5CA362FFB}.Debug|Any CPU.ActiveCfg = Debug|Any CPU
		{A876EEBF-7E14-4764-AC8F-63B5CA362FFB}.Debug|Any CPU.Build.0 = Debug|Any CPU
		{A876EEBF-7E14-4764-AC8F-63B5CA362FFB}.Release|Any CPU.ActiveCfg = Release|Any CPU
		{A876EEBF-7E14-4764-AC8F-63B5CA362FFB}.Release|Any CPU.Build.0 = Release|Any CPU
		{6D71008D-CA30-4162-BA9D-0B69843C1170}.Debug|Any CPU.ActiveCfg = Debug|Any CPU
		{6D71008D-CA30-4162-BA9D-0B69843C1170}.Debug|Any CPU.Build.0 = Debug|Any CPU
		{6D71008D-CA30-4162-BA9D-0B69843C1170}.Release|Any CPU.ActiveCfg = Release|Any CPU
		{6D71008D-CA30-4162-BA9D-0B69843C1170}.Release|Any CPU.Build.0 = Release|Any CPU
	EndGlobalSection
	GlobalSection(SolutionProperties) = preSolution
		HideSolutionNode = FALSE
	EndGlobalSection
EndGlobal
