
Microsoft Visual Studio Solution File, Format Version 12.00
# Visual Studio 2012
Project("{FAE04EC0-301F-11D3-BF4B-00C04F79EFBC}") = "SuperMarket", "SuperMarket\SuperMarket.csproj", "{4FE6D750-FC44-42D6-B451-29CC7CF30631}"
EndProject
Global
	GlobalSection(SolutionConfigurationPlatforms) = preSolution
		Debug|Any CPU = Debug|Any CPU
		Release|Any CPU = Release|Any CPU
	EndGlobalSection
	GlobalSection(ProjectConfigurationPlatforms) = postSolution
		{4FE6D750-FC44-42D6-B451-29CC7CF30631}.Debug|Any CPU.ActiveCfg = Debug|Any CPU
		{4FE6D750-FC44-42D6-B451-29CC7CF30631}.Debug|Any CPU.Build.0 = Debug|Any CPU
		{4FE6D750-FC44-42D6-B451-29CC7CF30631}.Release|Any CPU.ActiveCfg = Release|Any CPU
		{4FE6D750-FC44-42D6-B451-29CC7CF30631}.Release|Any CPU.Build.0 = Release|Any CPU
	EndGlobalSection
	GlobalSection(SolutionProperties) = preSolution
		HideSolutionNode = FALSE
	EndGlobalSection
EndGlobal
