
Microsoft Visual Studio Solution File, Format Version 12.00
# Visual Studio 2012
Project("{FAE04EC0-301F-11D3-BF4B-00C04F79EFBC}") = "Cinema", "Cinema\Cinema.csproj", "{B9A4781A-3D03-4035-8E13-11104BC973DD}"
EndProject
Project("{FAE04EC0-301F-11D3-BF4B-00C04F79EFBC}") = "Sequence", "Sequence\Sequence.csproj", "{17E8F76D-BC2E-4BFC-B89F-1283295174F4}"
EndProject
Global
	GlobalSection(SolutionConfigurationPlatforms) = preSolution
		Debug|Any CPU = Debug|Any CPU
		Release|Any CPU = Release|Any CPU
	EndGlobalSection
	GlobalSection(ProjectConfigurationPlatforms) = postSolution
		{B9A4781A-3D03-4035-8E13-11104BC973DD}.Debug|Any CPU.ActiveCfg = Debug|Any CPU
		{B9A4781A-3D03-4035-8E13-11104BC973DD}.Debug|Any CPU.Build.0 = Debug|Any CPU
		{B9A4781A-3D03-4035-8E13-11104BC973DD}.Release|Any CPU.ActiveCfg = Release|Any CPU
		{B9A4781A-3D03-4035-8E13-11104BC973DD}.Release|Any CPU.Build.0 = Release|Any CPU
		{17E8F76D-BC2E-4BFC-B89F-1283295174F4}.Debug|Any CPU.ActiveCfg = Debug|Any CPU
		{17E8F76D-BC2E-4BFC-B89F-1283295174F4}.Debug|Any CPU.Build.0 = Debug|Any CPU
		{17E8F76D-BC2E-4BFC-B89F-1283295174F4}.Release|Any CPU.ActiveCfg = Release|Any CPU
		{17E8F76D-BC2E-4BFC-B89F-1283295174F4}.Release|Any CPU.Build.0 = Release|Any CPU
	EndGlobalSection
	GlobalSection(SolutionProperties) = preSolution
		HideSolutionNode = FALSE
	EndGlobalSection
EndGlobal
