
Microsoft Visual Studio Solution File, Format Version 12.00
# Visual Studio 2012
Project("{FAE04EC0-301F-11D3-BF4B-00C04F79EFBC}") = "MoShouGAME", "MoShouGAME\MoShouGAME.csproj", "{7A35B9AF-023A-419F-BD24-128F36762C30}"
EndProject
Project("{2150E333-8FDC-42A3-9474-1A3956D46DE8}") = "Day01", "Day01", "{1DE3BB5F-2EF4-439B-BB07-362D3BA60AEA}"
EndProject
Project("{FAE04EC0-301F-11D3-BF4B-00C04F79EFBC}") = "TwoDemo", "TwoDemo\TwoDemo.csproj", "{EFED9427-DCE1-47FC-8A97-09BDCF1BCC07}"
EndProject
Project("{FAE04EC0-301F-11D3-BF4B-00C04F79EFBC}") = "MyOffice1", "MyOffice1\MyOffice1.csproj", "{E60595B0-E1D6-44BC-8881-33A0B8F81356}"
EndProject
Project("{2150E333-8FDC-42A3-9474-1A3956D46DE8}") = "Day02", "Day02", "{2F8B2068-9598-4CC1-89FC-462D6DD32DF0}"
EndProject
Project("{FAE04EC0-301F-11D3-BF4B-00C04F79EFBC}") = "Arraylist1", "Arraylist1\Arraylist1.csproj", "{C1FA457C-6D16-4A7E-BB90-7F710C24BD65}"
EndProject
Project("{2150E333-8FDC-42A3-9474-1A3956D46DE8}") = "Day03", "Day03", "{87767721-88B5-4FF9-BECF-EDD7A7F2B1BA}"
EndProject
Project("{FAE04EC0-301F-11D3-BF4B-00C04F79EFBC}") = "Hashtable2", "Hashtable\Hashtable2.csproj", "{4EEAC5EA-2B64-42F6-9787-8BA61671348F}"
EndProject
Project("{FAE04EC0-301F-11D3-BF4B-00C04F79EFBC}") = "SEdaka", "SEdaka\SEdaka.csproj", "{10D0062F-157A-43C3-B42B-4A31E0D1AE6A}"
EndProject
Project("{2150E333-8FDC-42A3-9474-1A3956D46DE8}") = "Day04", "Day04", "{3A93A757-D8CF-48D1-855C-CAAF42BC6F9B}"
EndProject
Project("{FAE04EC0-301F-11D3-BF4B-00C04F79EFBC}") = "Restaurant", "Restaurant\Restaurant.csproj", "{18199E7E-3118-4177-80C8-57F995D20F81}"
EndProject
Project("{2150E333-8FDC-42A3-9474-1A3956D46DE8}") = "Day05", "Day05", "{23FF7978-1CE9-4107-82FB-84F6C3FD2A3E}"
EndProject
Project("{FAE04EC0-301F-11D3-BF4B-00C04F79EFBC}") = "CheckupServices", "CheckupServices\CheckupServices.csproj", "{5636FA34-F679-4BC9-A882-C79F6747DCDC}"
EndProject
Project("{FAE04EC0-301F-11D3-BF4B-00C04F79EFBC}") = "NewDemo5", "NewDemo5\NewDemo5.csproj", "{60F50708-0BC5-452E-B994-E1D47F8888FF}"
EndProject
Project("{2150E333-8FDC-42A3-9474-1A3956D46DE8}") = "Day06", "Day06", "{EAEB940A-CA91-4E45-B610-FDEF4E89D3CF}"
EndProject
Project("{2150E333-8FDC-42A3-9474-1A3956D46DE8}") = "Day07", "Day07", "{AE972214-BBA6-4C18-A8F7-445E28208F3C}"
EndProject
Project("{2150E333-8FDC-42A3-9474-1A3956D46DE8}") = "Day08", "Day08", "{1473963E-4C86-4928-99F5-198DD14EE20E}"
EndProject
Project("{2150E333-8FDC-42A3-9474-1A3956D46DE8}") = "Day09", "Day09", "{A14BF1C6-A00E-46C8-9981-F201FBA9F439}"
EndProject
Project("{2150E333-8FDC-42A3-9474-1A3956D46DE8}") = "Day10", "Day10", "{A1DAA8F0-AC22-4A36-91C8-4B2E47B42005}"
EndProject
Project("{FAE04EC0-301F-11D3-BF4B-00C04F79EFBC}") = "Car", "Car\Car.csproj", "{04FEEAFD-BAA1-44AC-A3BD-D8CC5305007C}"
EndProject
Project("{FAE04EC0-301F-11D3-BF4B-00C04F79EFBC}") = "jeikou", "jeikou\jeikou.csproj", "{CE95C8F0-0DCF-4545-A942-78F8C1A95159}"
EndProject
Project("{FAE04EC0-301F-11D3-BF4B-00C04F79EFBC}") = "Computer", "Computer\Computer.csproj", "{3866E46D-1E2F-425C-9873-D0EC656ADFC2}"
EndProject
Project("{FAE04EC0-301F-11D3-BF4B-00C04F79EFBC}") = "Danli", "Danli\Danli.csproj", "{70508C14-8CBB-452E-A373-21B389D0B969}"
EndProject
Project("{FAE04EC0-301F-11D3-BF4B-00C04F79EFBC}") = "Xml", "Xml\Xml.csproj", "{275AAC79-C6BC-4E4D-918B-2F2F85A44B5A}"
EndProject
Project("{FAE04EC0-301F-11D3-BF4B-00C04F79EFBC}") = "CCTV", "CCTV\CCTV.csproj", "{A9EEFDE8-0B9D-4B66-A0B6-884D2BE54426}"
EndProject
Project("{FAE04EC0-301F-11D3-BF4B-00C04F79EFBC}") = "WebTv", "WebTv\WebTv.csproj", "{1479A47B-FC21-44FF-8A93-1092B9D4F180}"
EndProject
Project("{FAE04EC0-301F-11D3-BF4B-00C04F79EFBC}") = "IOliu", "IOliu\IOliu.csproj", "{50E5682F-6A5D-4A50-B644-8BD89CE5C732}"
EndProject
Project("{FAE04EC0-301F-11D3-BF4B-00C04F79EFBC}") = "feibonaqi", "feibonaqi\feibonaqi.csproj", "{FFFFF969-F0BC-4F4E-8ECB-9AE4274DD71A}"
EndProject
Project("{FAE04EC0-301F-11D3-BF4B-00C04F79EFBC}") = "Resources", "Resources\Resources.csproj", "{EAC9C319-E3D3-46CD-BD60-7990F98A82FC}"
EndProject
Global
	GlobalSection(SolutionConfigurationPlatforms) = preSolution
		Debug|Any CPU = Debug|Any CPU
		Release|Any CPU = Release|Any CPU
	EndGlobalSection
	GlobalSection(ProjectConfigurationPlatforms) = postSolution
		{7A35B9AF-023A-419F-BD24-128F36762C30}.Debug|Any CPU.ActiveCfg = Debug|Any CPU
		{7A35B9AF-023A-419F-BD24-128F36762C30}.Debug|Any CPU.Build.0 = Debug|Any CPU
		{7A35B9AF-023A-419F-BD24-128F36762C30}.Release|Any CPU.ActiveCfg = Release|Any CPU
		{7A35B9AF-023A-419F-BD24-128F36762C30}.Release|Any CPU.Build.0 = Release|Any CPU
		{EFED9427-DCE1-47FC-8A97-09BDCF1BCC07}.Debug|Any CPU.ActiveCfg = Debug|Any CPU
		{EFED9427-DCE1-47FC-8A97-09BDCF1BCC07}.Debug|Any CPU.Build.0 = Debug|Any CPU
		{EFED9427-DCE1-47FC-8A97-09BDCF1BCC07}.Release|Any CPU.ActiveCfg = Release|Any CPU
		{EFED9427-DCE1-47FC-8A97-09BDCF1BCC07}.Release|Any CPU.Build.0 = Release|Any CPU
		{E60595B0-E1D6-44BC-8881-33A0B8F81356}.Debug|Any CPU.ActiveCfg = Debug|Any CPU
		{E60595B0-E1D6-44BC-8881-33A0B8F81356}.Debug|Any CPU.Build.0 = Debug|Any CPU
		{E60595B0-E1D6-44BC-8881-33A0B8F81356}.Release|Any CPU.ActiveCfg = Release|Any CPU
		{E60595B0-E1D6-44BC-8881-33A0B8F81356}.Release|Any CPU.Build.0 = Release|Any CPU
		{C1FA457C-6D16-4A7E-BB90-7F710C24BD65}.Debug|Any CPU.ActiveCfg = Debug|Any CPU
		{C1FA457C-6D16-4A7E-BB90-7F710C24BD65}.Debug|Any CPU.Build.0 = Debug|Any CPU
		{C1FA457C-6D16-4A7E-BB90-7F710C24BD65}.Release|Any CPU.ActiveCfg = Release|Any CPU
		{C1FA457C-6D16-4A7E-BB90-7F710C24BD65}.Release|Any CPU.Build.0 = Release|Any CPU
		{4EEAC5EA-2B64-42F6-9787-8BA61671348F}.Debug|Any CPU.ActiveCfg = Debug|Any CPU
		{4EEAC5EA-2B64-42F6-9787-8BA61671348F}.Debug|Any CPU.Build.0 = Debug|Any CPU
		{4EEAC5EA-2B64-42F6-9787-8BA61671348F}.Release|Any CPU.ActiveCfg = Release|Any CPU
		{4EEAC5EA-2B64-42F6-9787-8BA61671348F}.Release|Any CPU.Build.0 = Release|Any CPU
		{10D0062F-157A-43C3-B42B-4A31E0D1AE6A}.Debug|Any CPU.ActiveCfg = Debug|Any CPU
		{10D0062F-157A-43C3-B42B-4A31E0D1AE6A}.Debug|Any CPU.Build.0 = Debug|Any CPU
		{10D0062F-157A-43C3-B42B-4A31E0D1AE6A}.Release|Any CPU.ActiveCfg = Release|Any CPU
		{10D0062F-157A-43C3-B42B-4A31E0D1AE6A}.Release|Any CPU.Build.0 = Release|Any CPU
		{18199E7E-3118-4177-80C8-57F995D20F81}.Debug|Any CPU.ActiveCfg = Debug|Any CPU
		{18199E7E-3118-4177-80C8-57F995D20F81}.Debug|Any CPU.Build.0 = Debug|Any CPU
		{18199E7E-3118-4177-80C8-57F995D20F81}.Release|Any CPU.ActiveCfg = Release|Any CPU
		{18199E7E-3118-4177-80C8-57F995D20F81}.Release|Any CPU.Build.0 = Release|Any CPU
		{5636FA34-F679-4BC9-A882-C79F6747DCDC}.Debug|Any CPU.ActiveCfg = Debug|Any CPU
		{5636FA34-F679-4BC9-A882-C79F6747DCDC}.Debug|Any CPU.Build.0 = Debug|Any CPU
		{5636FA34-F679-4BC9-A882-C79F6747DCDC}.Release|Any CPU.ActiveCfg = Release|Any CPU
		{5636FA34-F679-4BC9-A882-C79F6747DCDC}.Release|Any CPU.Build.0 = Release|Any CPU
		{60F50708-0BC5-452E-B994-E1D47F8888FF}.Debug|Any CPU.ActiveCfg = Debug|Any CPU
		{60F50708-0BC5-452E-B994-E1D47F8888FF}.Debug|Any CPU.Build.0 = Debug|Any CPU
		{60F50708-0BC5-452E-B994-E1D47F8888FF}.Release|Any CPU.ActiveCfg = Release|Any CPU
		{60F50708-0BC5-452E-B994-E1D47F8888FF}.Release|Any CPU.Build.0 = Release|Any CPU
		{04FEEAFD-BAA1-44AC-A3BD-D8CC5305007C}.Debug|Any CPU.ActiveCfg = Debug|Any CPU
		{04FEEAFD-BAA1-44AC-A3BD-D8CC5305007C}.Debug|Any CPU.Build.0 = Debug|Any CPU
		{04FEEAFD-BAA1-44AC-A3BD-D8CC5305007C}.Release|Any CPU.ActiveCfg = Release|Any CPU
		{04FEEAFD-BAA1-44AC-A3BD-D8CC5305007C}.Release|Any CPU.Build.0 = Release|Any CPU
		{CE95C8F0-0DCF-4545-A942-78F8C1A95159}.Debug|Any CPU.ActiveCfg = Debug|Any CPU
		{CE95C8F0-0DCF-4545-A942-78F8C1A95159}.Debug|Any CPU.Build.0 = Debug|Any CPU
		{CE95C8F0-0DCF-4545-A942-78F8C1A95159}.Release|Any CPU.ActiveCfg = Release|Any CPU
		{CE95C8F0-0DCF-4545-A942-78F8C1A95159}.Release|Any CPU.Build.0 = Release|Any CPU
		{3866E46D-1E2F-425C-9873-D0EC656ADFC2}.Debug|Any CPU.ActiveCfg = Debug|Any CPU
		{3866E46D-1E2F-425C-9873-D0EC656ADFC2}.Debug|Any CPU.Build.0 = Debug|Any CPU
		{3866E46D-1E2F-425C-9873-D0EC656ADFC2}.Release|Any CPU.ActiveCfg = Release|Any CPU
		{3866E46D-1E2F-425C-9873-D0EC656ADFC2}.Release|Any CPU.Build.0 = Release|Any CPU
		{70508C14-8CBB-452E-A373-21B389D0B969}.Debug|Any CPU.ActiveCfg = Debug|Any CPU
		{70508C14-8CBB-452E-A373-21B389D0B969}.Debug|Any CPU.Build.0 = Debug|Any CPU
		{70508C14-8CBB-452E-A373-21B389D0B969}.Release|Any CPU.ActiveCfg = Release|Any CPU
		{70508C14-8CBB-452E-A373-21B389D0B969}.Release|Any CPU.Build.0 = Release|Any CPU
		{275AAC79-C6BC-4E4D-918B-2F2F85A44B5A}.Debug|Any CPU.ActiveCfg = Debug|Any CPU
		{275AAC79-C6BC-4E4D-918B-2F2F85A44B5A}.Debug|Any CPU.Build.0 = Debug|Any CPU
		{275AAC79-C6BC-4E4D-918B-2F2F85A44B5A}.Release|Any CPU.ActiveCfg = Release|Any CPU
		{275AAC79-C6BC-4E4D-918B-2F2F85A44B5A}.Release|Any CPU.Build.0 = Release|Any CPU
		{A9EEFDE8-0B9D-4B66-A0B6-884D2BE54426}.Debug|Any CPU.ActiveCfg = Debug|Any CPU
		{A9EEFDE8-0B9D-4B66-A0B6-884D2BE54426}.Debug|Any CPU.Build.0 = Debug|Any CPU
		{A9EEFDE8-0B9D-4B66-A0B6-884D2BE54426}.Release|Any CPU.ActiveCfg = Release|Any CPU
		{A9EEFDE8-0B9D-4B66-A0B6-884D2BE54426}.Release|Any CPU.Build.0 = Release|Any CPU
		{1479A47B-FC21-44FF-8A93-1092B9D4F180}.Debug|Any CPU.ActiveCfg = Debug|Any CPU
		{1479A47B-FC21-44FF-8A93-1092B9D4F180}.Debug|Any CPU.Build.0 = Debug|Any CPU
		{1479A47B-FC21-44FF-8A93-1092B9D4F180}.Release|Any CPU.ActiveCfg = Release|Any CPU
		{1479A47B-FC21-44FF-8A93-1092B9D4F180}.Release|Any CPU.Build.0 = Release|Any CPU
		{50E5682F-6A5D-4A50-B644-8BD89CE5C732}.Debug|Any CPU.ActiveCfg = Debug|Any CPU
		{50E5682F-6A5D-4A50-B644-8BD89CE5C732}.Debug|Any CPU.Build.0 = Debug|Any CPU
		{50E5682F-6A5D-4A50-B644-8BD89CE5C732}.Release|Any CPU.ActiveCfg = Release|Any CPU
		{50E5682F-6A5D-4A50-B644-8BD89CE5C732}.Release|Any CPU.Build.0 = Release|Any CPU
		{FFFFF969-F0BC-4F4E-8ECB-9AE4274DD71A}.Debug|Any CPU.ActiveCfg = Debug|Any CPU
		{FFFFF969-F0BC-4F4E-8ECB-9AE4274DD71A}.Debug|Any CPU.Build.0 = Debug|Any CPU
		{FFFFF969-F0BC-4F4E-8ECB-9AE4274DD71A}.Release|Any CPU.ActiveCfg = Release|Any CPU
		{FFFFF969-F0BC-4F4E-8ECB-9AE4274DD71A}.Release|Any CPU.Build.0 = Release|Any CPU
		{EAC9C319-E3D3-46CD-BD60-7990F98A82FC}.Debug|Any CPU.ActiveCfg = Debug|Any CPU
		{EAC9C319-E3D3-46CD-BD60-7990F98A82FC}.Debug|Any CPU.Build.0 = Debug|Any CPU
		{EAC9C319-E3D3-46CD-BD60-7990F98A82FC}.Release|Any CPU.ActiveCfg = Release|Any CPU
		{EAC9C319-E3D3-46CD-BD60-7990F98A82FC}.Release|Any CPU.Build.0 = Release|Any CPU
	EndGlobalSection
	GlobalSection(SolutionProperties) = preSolution
		HideSolutionNode = FALSE
	EndGlobalSection
	GlobalSection(NestedProjects) = preSolution
		{7A35B9AF-023A-419F-BD24-128F36762C30} = {1DE3BB5F-2EF4-439B-BB07-362D3BA60AEA}
		{E60595B0-E1D6-44BC-8881-33A0B8F81356} = {2F8B2068-9598-4CC1-89FC-462D6DD32DF0}
		{EFED9427-DCE1-47FC-8A97-09BDCF1BCC07} = {2F8B2068-9598-4CC1-89FC-462D6DD32DF0}
		{C1FA457C-6D16-4A7E-BB90-7F710C24BD65} = {87767721-88B5-4FF9-BECF-EDD7A7F2B1BA}
		{4EEAC5EA-2B64-42F6-9787-8BA61671348F} = {87767721-88B5-4FF9-BECF-EDD7A7F2B1BA}
		{10D0062F-157A-43C3-B42B-4A31E0D1AE6A} = {87767721-88B5-4FF9-BECF-EDD7A7F2B1BA}
		{18199E7E-3118-4177-80C8-57F995D20F81} = {3A93A757-D8CF-48D1-855C-CAAF42BC6F9B}
		{5636FA34-F679-4BC9-A882-C79F6747DCDC} = {23FF7978-1CE9-4107-82FB-84F6C3FD2A3E}
		{60F50708-0BC5-452E-B994-E1D47F8888FF} = {23FF7978-1CE9-4107-82FB-84F6C3FD2A3E}
		{3866E46D-1E2F-425C-9873-D0EC656ADFC2} = {1473963E-4C86-4928-99F5-198DD14EE20E}
		{70508C14-8CBB-452E-A373-21B389D0B969} = {1473963E-4C86-4928-99F5-198DD14EE20E}
		{275AAC79-C6BC-4E4D-918B-2F2F85A44B5A} = {1473963E-4C86-4928-99F5-198DD14EE20E}
		{A9EEFDE8-0B9D-4B66-A0B6-884D2BE54426} = {1473963E-4C86-4928-99F5-198DD14EE20E}
		{1479A47B-FC21-44FF-8A93-1092B9D4F180} = {1473963E-4C86-4928-99F5-198DD14EE20E}
		{50E5682F-6A5D-4A50-B644-8BD89CE5C732} = {A14BF1C6-A00E-46C8-9981-F201FBA9F439}
		{FFFFF969-F0BC-4F4E-8ECB-9AE4274DD71A} = {A14BF1C6-A00E-46C8-9981-F201FBA9F439}
		{EAC9C319-E3D3-46CD-BD60-7990F98A82FC} = {A14BF1C6-A00E-46C8-9981-F201FBA9F439}
		{04FEEAFD-BAA1-44AC-A3BD-D8CC5305007C} = {A1DAA8F0-AC22-4A36-91C8-4B2E47B42005}
		{CE95C8F0-0DCF-4545-A942-78F8C1A95159} = {A1DAA8F0-AC22-4A36-91C8-4B2E47B42005}
	EndGlobalSection
EndGlobal
