
Microsoft Visual Studio Solution File, Format Version 12.00
# Visual Studio 2012
Project("{FAE04EC0-301F-11D3-BF4B-00C04F79EFBC}") = "Book", "Book\Book.csproj", "{F36729AF-55FA-4DEA-9BA8-188F68CA82B1}"
EndProject
Project("{FAE04EC0-301F-11D3-BF4B-00C04F79EFBC}") = "cn.book.model", "cn.book.model\cn.book.model.csproj", "{C86593CC-7A96-45C7-BEE8-82D340C808E9}"
EndProject
Project("{FAE04EC0-301F-11D3-BF4B-00C04F79EFBC}") = "cn.book.util", "cn.book.util\cn.book.util.csproj", "{6C701DCD-909F-499D-8BBB-AA9F92B7FCBB}"
EndProject
Project("{FAE04EC0-301F-11D3-BF4B-00C04F79EFBC}") = "cn.book.BLL", "cn.book.BLL\cn.book.BLL.csproj", "{B8DC1B5A-B5CB-4293-96BC-48E7EE0A8615}"
EndProject
Project("{FAE04EC0-301F-11D3-BF4B-00C04F79EFBC}") = "CN.book.dao", "CN.book.dao\CN.book.dao.csproj", "{117D01C7-524E-4683-9C48-E0A910F5DB38}"
EndProject
Global
	GlobalSection(SolutionConfigurationPlatforms) = preSolution
		Debug|Any CPU = Debug|Any CPU
		Release|Any CPU = Release|Any CPU
	EndGlobalSection
	GlobalSection(ProjectConfigurationPlatforms) = postSolution
		{F36729AF-55FA-4DEA-9BA8-188F68CA82B1}.Debug|Any CPU.ActiveCfg = Debug|Any CPU
		{F36729AF-55FA-4DEA-9BA8-188F68CA82B1}.Debug|Any CPU.Build.0 = Debug|Any CPU
		{F36729AF-55FA-4DEA-9BA8-188F68CA82B1}.Release|Any CPU.ActiveCfg = Release|Any CPU
		{F36729AF-55FA-4DEA-9BA8-188F68CA82B1}.Release|Any CPU.Build.0 = Release|Any CPU
		{C86593CC-7A96-45C7-BEE8-82D340C808E9}.Debug|Any CPU.ActiveCfg = Debug|Any CPU
		{C86593CC-7A96-45C7-BEE8-82D340C808E9}.Debug|Any CPU.Build.0 = Debug|Any CPU
		{C86593CC-7A96-45C7-BEE8-82D340C808E9}.Release|Any CPU.ActiveCfg = Release|Any CPU
		{C86593CC-7A96-45C7-BEE8-82D340C808E9}.Release|Any CPU.Build.0 = Release|Any CPU
		{6C701DCD-909F-499D-8BBB-AA9F92B7FCBB}.Debug|Any CPU.ActiveCfg = Debug|Any CPU
		{6C701DCD-909F-499D-8BBB-AA9F92B7FCBB}.Debug|Any CPU.Build.0 = Debug|Any CPU
		{6C701DCD-909F-499D-8BBB-AA9F92B7FCBB}.Release|Any CPU.ActiveCfg = Release|Any CPU
		{6C701DCD-909F-499D-8BBB-AA9F92B7FCBB}.Release|Any CPU.Build.0 = Release|Any CPU
		{B8DC1B5A-B5CB-4293-96BC-48E7EE0A8615}.Debug|Any CPU.ActiveCfg = Debug|Any CPU
		{B8DC1B5A-B5CB-4293-96BC-48E7EE0A8615}.Debug|Any CPU.Build.0 = Debug|Any CPU
		{B8DC1B5A-B5CB-4293-96BC-48E7EE0A8615}.Release|Any CPU.ActiveCfg = Release|Any CPU
		{B8DC1B5A-B5CB-4293-96BC-48E7EE0A8615}.Release|Any CPU.Build.0 = Release|Any CPU
		{117D01C7-524E-4683-9C48-E0A910F5DB38}.Debug|Any CPU.ActiveCfg = Debug|Any CPU
		{117D01C7-524E-4683-9C48-E0A910F5DB38}.Debug|Any CPU.Build.0 = Debug|Any CPU
		{117D01C7-524E-4683-9C48-E0A910F5DB38}.Release|Any CPU.ActiveCfg = Release|Any CPU
		{117D01C7-524E-4683-9C48-E0A910F5DB38}.Release|Any CPU.Build.0 = Release|Any CPU
	EndGlobalSection
	GlobalSection(SolutionProperties) = preSolution
		HideSolutionNode = FALSE
	EndGlobalSection
EndGlobal
